
Microsoft Visual Studio Solution File, Format Version 12.00
# Visual Studio Version 16
VisualStudioVersion = 16.0.30711.63
MinimumVisualStudioVersion = 10.0.40219.1
Project("{FAE04EC0-301F-11D3-BF4B-00C04F79EFBC}") = "API", "API.csproj", "{31B287BF-D380-43B9-92B5-3BA9432CCC0C}"
EndProject
Global
	GlobalSection(SolutionConfigurationPlatforms) = preSolution
		Debug|Any CPU = Debug|Any CPU
		Release|Any CPU = Release|Any CPU
	EndGlobalSection
	GlobalSection(ProjectConfigurationPlatforms) = postSolution
		{31B287BF-D380-43B9-92B5-3BA9432CCC0C}.Debug|Any CPU.ActiveCfg = Debug|Any CPU
		{31B287BF-D380-43B9-92B5-3BA9432CCC0C}.Debug|Any CPU.Build.0 = Debug|Any CPU
		{31B287BF-D380-43B9-92B5-3BA9432CCC0C}.Release|Any CPU.ActiveCfg = Release|Any CPU
		{31B287BF-D380-43B9-92B5-3BA9432CCC0C}.Release|Any CPU.Build.0 = Release|Any CPU
	EndGlobalSection
	GlobalSection(SolutionProperties) = preSolution
		HideSolutionNode = FALSE
	EndGlobalSection
	GlobalSection(ExtensibilityGlobals) = postSolution
		SolutionGuid = {EDFC3F05-9261-467E-A194-86F5ED66CD3B}
	EndGlobalSection
EndGlobal
